<Solution>
  <Folder Name="/etc/" Id="eb1ea603-4769-449a-a691-0466515c3e94">
    <File Path=".editorconfig" />
    <File Path="LICENSE.txt" />
    <File Path="README.md" />
  </Folder>
  <Folder Name="/src/" Id="ddb4ef12-cc4e-5e88-e6fc-71a802f4de97">
    <Project Path="src/GenericSpecializationGenerator/GenericSpecializationGenerator.csproj" Id="6673f2af-4520-07e8-f8bd-43011306b899" />
  </Folder>
  <Folder Name="/test/" Id="8edbc306-0603-4876-a28f-f41db4bcc1b2">
    <Project Path="src/GenericSpecializationGenerator.DebugApp/GenericSpecializationGenerator.DebugApp.csproj" Id="16558b88-2142-3aba-a7ff-36dcd7ac8ff7" />
  </Folder>
</Solution>
